// !$*UTF8*$!
{
	archiveVersion = 1;
	classes = {
	};
	objectVersion = 51;
	objects = {

/* Begin PBXBuildFile section */
		1DB211787D0A70E820B97064 /* Pods_Parsegram.framework in Frameworks */ = {isa = PBXBuildFile; fileRef = 973B6CA37FC10CA4027C3D7A /* Pods_Parsegram.framework */; };
		B6857E152716AD2400EA9A90 /* SceneDelegate.swift in Sources */ = {isa = PBXBuildFile; fileRef = B6857E142716AD2400EA9A90 /* SceneDelegate.swift */; };
		B6857E1A2716AD2400EA9A90 /* Main.storyboard in Resources */ = {isa = PBXBuildFile; fileRef = B6857E182716AD2400EA9A90 /* Main.storyboard */; };
		B6857E1D2716AD2400EA9A90 /* Parsegram.xcdatamodeld in Sources */ = {isa = PBXBuildFile; fileRef = B6857E1B2716AD2400EA9A90 /* Parsegram.xcdatamodeld */; };
		B6857E1F2716AD2A00EA9A90 /* Assets.xcassets in Resources */ = {isa = PBXBuildFile; fileRef = B6857E1E2716AD2A00EA9A90 /* Assets.xcassets */; };
		B6857E222716AD2A00EA9A90 /* LaunchScreen.storyboard in Resources */ = {isa = PBXBuildFile; fileRef = B6857E202716AD2A00EA9A90 /* LaunchScreen.storyboard */; };
		B6857E2D2716AD2A00EA9A90 /* ParsegramTests.swift in Sources */ = {isa = PBXBuildFile; fileRef = B6857E2C2716AD2A00EA9A90 /* ParsegramTests.swift */; };
		B6857E382716AD2A00EA9A90 /* ParsegramUITests.swift in Sources */ = {isa = PBXBuildFile; fileRef = B6857E372716AD2A00EA9A90 /* ParsegramUITests.swift */; };
		B6857E4B2716AD8600EA9A90 /* LoginViewController.swift in Sources */ = {isa = PBXBuildFile; fileRef = B6857E452716AD8500EA9A90 /* LoginViewController.swift */; };
		B6857E4D2716AD8600EA9A90 /* Parsegram.xcdatamodeld in Sources */ = {isa = PBXBuildFile; fileRef = B6857E472716AD8500EA9A90 /* Parsegram.xcdatamodeld */; };
		B6857E4E2716AD8600EA9A90 /* SceneDelegate.swift in Sources */ = {isa = PBXBuildFile; fileRef = B6857E492716AD8500EA9A90 /* SceneDelegate.swift */; };
		B6857E4F2716AD8600EA9A90 /* PostCell.swift in Sources */ = {isa = PBXBuildFile; fileRef = B6857E4A2716AD8500EA9A90 /* PostCell.swift */; };
		B6857E512716ADB600EA9A90 /* AppDelegate.swift in Sources */ = {isa = PBXBuildFile; fileRef = B6857E502716ADB500EA9A90 /* AppDelegate.swift */; };
		B6857E532716AFFA00EA9A90 /* FeedViewController.swift in Sources */ = {isa = PBXBuildFile; fileRef = B6857E522716AFFA00EA9A90 /* FeedViewController.swift */; };
		B6857E552716B02A00EA9A90 /* CameraViewController.swift in Sources */ = {isa = PBXBuildFile; fileRef = B6857E542716B02900EA9A90 /* CameraViewController.swift */; };
		C103265FF41D0A00FEDCD3B2 /* Pods_Parsegram_ParsegramUITests.framework in Frameworks */ = {isa = PBXBuildFile; fileRef = 5A4DF37FFCAED8209884B50E /* Pods_Parsegram_ParsegramUITests.framework */; };
		DB14A988ED195AFD9CD78B00 /* Pods_ParsegramTests.framework in Frameworks */ = {isa = PBXBuildFile; fileRef = 4D523835A8202FBF4F363327 /* Pods_ParsegramTests.framework */; };
/* End PBXBuildFile section */

/* Begin PBXContainerItemProxy section */
		B6857E292716AD2A00EA9A90 /* PBXContainerItemProxy */ = {
			isa = PBXContainerItemProxy;
			containerPortal = B6857E072716AD2400EA9A90 /* Project object */;
			proxyType = 1;
			remoteGlobalIDString = B6857E0E2716AD2400EA9A90;
			remoteInfo = Parsegram;
		};
		B6857E342716AD2A00EA9A90 /* PBXContainerItemProxy */ = {
			isa = PBXContainerItemProxy;
			containerPortal = B6857E072716AD2400EA9A90 /* Project object */;
			proxyType = 1;
			remoteGlobalIDString = B6857E0E2716AD2400EA9A90;
			remoteInfo = Parsegram;
		};
/* End PBXContainerItemProxy section */

/* Begin PBXFileReference section */
		067D2BC825BF83D288DE3A69 /* Pods-ParsegramTests.debug.xcconfig */ = {isa = PBXFileReference; includeInIndex = 1; lastKnownFileType = text.xcconfig; name = "Pods-ParsegramTests.debug.xcconfig"; path = "Target Support Files/Pods-ParsegramTests/Pods-ParsegramTests.debug.xcconfig"; sourceTree = "<group>"; };
		238E4EE8A296D971E3137565 /* Pods-Parsegram.release.xcconfig */ = {isa = PBXFileReference; includeInIndex = 1; lastKnownFileType = text.xcconfig; name = "Pods-Parsegram.release.xcconfig"; path = "Target Support Files/Pods-Parsegram/Pods-Parsegram.release.xcconfig"; sourceTree = "<group>"; };
		4D523835A8202FBF4F363327 /* Pods_ParsegramTests.framework */ = {isa = PBXFileReference; explicitFileType = wrapper.framework; includeInIndex = 0; path = Pods_ParsegramTests.framework; sourceTree = BUILT_PRODUCTS_DIR; };
		5A4DF37FFCAED8209884B50E /* Pods_Parsegram_ParsegramUITests.framework */ = {isa = PBXFileReference; explicitFileType = wrapper.framework; includeInIndex = 0; path = Pods_Parsegram_ParsegramUITests.framework; sourceTree = BUILT_PRODUCTS_DIR; };
		7AD7BB7F10D02ACDD5E65F22 /* Pods-ParsegramTests.release.xcconfig */ = {isa = PBXFileReference; includeInIndex = 1; lastKnownFileType = text.xcconfig; name = "Pods-ParsegramTests.release.xcconfig"; path = "Target Support Files/Pods-ParsegramTests/Pods-ParsegramTests.release.xcconfig"; sourceTree = "<group>"; };
		973B6CA37FC10CA4027C3D7A /* Pods_Parsegram.framework */ = {isa = PBXFileReference; explicitFileType = wrapper.framework; includeInIndex = 0; path = Pods_Parsegram.framework; sourceTree = BUILT_PRODUCTS_DIR; };
		A82A2B97883F1EE9889ECFBA /* Pods-Parsegram-ParsegramUITests.release.xcconfig */ = {isa = PBXFileReference; includeInIndex = 1; lastKnownFileType = text.xcconfig; name = "Pods-Parsegram-ParsegramUITests.release.xcconfig"; path = "Target Support Files/Pods-Parsegram-ParsegramUITests/Pods-Parsegram-ParsegramUITests.release.xcconfig"; sourceTree = "<group>"; };
		B6857E0F2716AD2400EA9A90 /* Parsegram.app */ = {isa = PBXFileReference; explicitFileType = wrapper.application; includeInIndex = 0; path = Parsegram.app; sourceTree = BUILT_PRODUCTS_DIR; };
		B6857E142716AD2400EA9A90 /* SceneDelegate.swift */ = {isa = PBXFileReference; lastKnownFileType = sourcecode.swift; path = SceneDelegate.swift; sourceTree = "<group>"; };
		B6857E192716AD2400EA9A90 /* Base */ = {isa = PBXFileReference; lastKnownFileType = file.storyboard; name = Base; path = Base.lproj/Main.storyboard; sourceTree = "<group>"; };
		B6857E1C2716AD2400EA9A90 /* Parsegram.xcdatamodel */ = {isa = PBXFileReference; lastKnownFileType = wrapper.xcdatamodel; path = Parsegram.xcdatamodel; sourceTree = "<group>"; };
		B6857E1E2716AD2A00EA9A90 /* Assets.xcassets */ = {isa = PBXFileReference; lastKnownFileType = folder.assetcatalog; path = Assets.xcassets; sourceTree = "<group>"; };
		B6857E212716AD2A00EA9A90 /* Base */ = {isa = PBXFileReference; lastKnownFileType = file.storyboard; name = Base; path = Base.lproj/LaunchScreen.storyboard; sourceTree = "<group>"; };
		B6857E232716AD2A00EA9A90 /* Info.plist */ = {isa = PBXFileReference; lastKnownFileType = text.plist.xml; path = Info.plist; sourceTree = "<group>"; };
		B6857E282716AD2A00EA9A90 /* ParsegramTests.xctest */ = {isa = PBXFileReference; explicitFileType = wrapper.cfbundle; includeInIndex = 0; path = ParsegramTests.xctest; sourceTree = BUILT_PRODUCTS_DIR; };
		B6857E2C2716AD2A00EA9A90 /* ParsegramTests.swift */ = {isa = PBXFileReference; lastKnownFileType = sourcecode.swift; path = ParsegramTests.swift; sourceTree = "<group>"; };
		B6857E2E2716AD2A00EA9A90 /* Info.plist */ = {isa = PBXFileReference; lastKnownFileType = text.plist.xml; path = Info.plist; sourceTree = "<group>"; };
		B6857E332716AD2A00EA9A90 /* ParsegramUITests.xctest */ = {isa = PBXFileReference; explicitFileType = wrapper.cfbundle; includeInIndex = 0; path = ParsegramUITests.xctest; sourceTree = BUILT_PRODUCTS_DIR; };
		B6857E372716AD2A00EA9A90 /* ParsegramUITests.swift */ = {isa = PBXFileReference; lastKnownFileType = sourcecode.swift; path = ParsegramUITests.swift; sourceTree = "<group>"; };
		B6857E392716AD2A00EA9A90 /* Info.plist */ = {isa = PBXFileReference; lastKnownFileType = text.plist.xml; path = Info.plist; sourceTree = "<group>"; };
		B6857E452716AD8500EA9A90 /* LoginViewController.swift */ = {isa = PBXFileReference; fileEncoding = 4; lastKnownFileType = sourcecode.swift; path = LoginViewController.swift; sourceTree = "<group>"; };
		B6857E482716AD8500EA9A90 /* Parsegram.xcdatamodel */ = {isa = PBXFileReference; lastKnownFileType = wrapper.xcdatamodel; path = Parsegram.xcdatamodel; sourceTree = "<group>"; };
		B6857E492716AD8500EA9A90 /* SceneDelegate.swift */ = {isa = PBXFileReference; fileEncoding = 4; lastKnownFileType = sourcecode.swift; path = SceneDelegate.swift; sourceTree = "<group>"; };
		B6857E4A2716AD8500EA9A90 /* PostCell.swift */ = {isa = PBXFileReference; fileEncoding = 4; lastKnownFileType = sourcecode.swift; path = PostCell.swift; sourceTree = "<group>"; };
		B6857E502716ADB500EA9A90 /* AppDelegate.swift */ = {isa = PBXFileReference; fileEncoding = 4; lastKnownFileType = sourcecode.swift; path = AppDelegate.swift; sourceTree = "<group>"; };
		B6857E522716AFFA00EA9A90 /* FeedViewController.swift */ = {isa = PBXFileReference; fileEncoding = 4; lastKnownFileType = sourcecode.swift; path = FeedViewController.swift; sourceTree = "<group>"; };
		B6857E542716B02900EA9A90 /* CameraViewController.swift */ = {isa = PBXFileReference; fileEncoding = 4; lastKnownFileType = sourcecode.swift; path = CameraViewController.swift; sourceTree = "<group>"; };
		DF2B5415D065502E39739CC9 /* Pods-Parsegram-ParsegramUITests.debug.xcconfig */ = {isa = PBXFileReference; includeInIndex = 1; lastKnownFileType = text.xcconfig; name = "Pods-Parsegram-ParsegramUITests.debug.xcconfig"; path = "Target Support Files/Pods-Parsegram-ParsegramUITests/Pods-Parsegram-ParsegramUITests.debug.xcconfig"; sourceTree = "<group>"; };
		E0F2DBC8F58F19653056BA44 /* Pods-Parsegram.debug.xcconfig */ = {isa = PBXFileReference; includeInIndex = 1; lastKnownFileType = text.xcconfig; name = "Pods-Parsegram.debug.xcconfig"; path = "Target Support Files/Pods-Parsegram/Pods-Parsegram.debug.xcconfig"; sourceTree = "<group>"; };
/* End PBXFileReference section */

/* Begin PBXFrameworksBuildPhase section */
		B6857E0C2716AD2400EA9A90 /* Frameworks */ = {
			isa = PBXFrameworksBuildPhase;
			buildActionMask = 2147483647;
			files = (
				1DB211787D0A70E820B97064 /* Pods_Parsegram.framework in Frameworks */,
			);
			runOnlyForDeploymentPostprocessing = 0;
		};
		B6857E252716AD2A00EA9A90 /* Frameworks */ = {
			isa = PBXFrameworksBuildPhase;
			buildActionMask = 2147483647;
			files = (
				DB14A988ED195AFD9CD78B00 /* Pods_ParsegramTests.framework in Frameworks */,
			);
			runOnlyForDeploymentPostprocessing = 0;
		};
		B6857E302716AD2A00EA9A90 /* Frameworks */ = {
			isa = PBXFrameworksBuildPhase;
			buildActionMask = 2147483647;
			files = (
				C103265FF41D0A00FEDCD3B2 /* Pods_Parsegram_ParsegramUITests.framework in Frameworks */,
			);
			runOnlyForDeploymentPostprocessing = 0;
		};
/* End PBXFrameworksBuildPhase section */

/* Begin PBXGroup section */
		0ABE93A595CBA86582888E7C /* Pods */ = {
			isa = PBXGroup;
			children = (
				E0F2DBC8F58F19653056BA44 /* Pods-Parsegram.debug.xcconfig */,
				238E4EE8A296D971E3137565 /* Pods-Parsegram.release.xcconfig */,
				DF2B5415D065502E39739CC9 /* Pods-Parsegram-ParsegramUITests.debug.xcconfig */,
				A82A2B97883F1EE9889ECFBA /* Pods-Parsegram-ParsegramUITests.release.xcconfig */,
				067D2BC825BF83D288DE3A69 /* Pods-ParsegramTests.debug.xcconfig */,
				7AD7BB7F10D02ACDD5E65F22 /* Pods-ParsegramTests.release.xcconfig */,
			);
			path = Pods;
			sourceTree = "<group>";
		};
		7D711A6E310728A6A761981C /* Frameworks */ = {
			isa = PBXGroup;
			children = (
				973B6CA37FC10CA4027C3D7A /* Pods_Parsegram.framework */,
				5A4DF37FFCAED8209884B50E /* Pods_Parsegram_ParsegramUITests.framework */,
				4D523835A8202FBF4F363327 /* Pods_ParsegramTests.framework */,
			);
			name = Frameworks;
			sourceTree = "<group>";
		};
		B6857E062716AD2400EA9A90 = {
			isa = PBXGroup;
			children = (
				B6857E112716AD2400EA9A90 /* Parsegram */,
				B6857E2B2716AD2A00EA9A90 /* ParsegramTests */,
				B6857E362716AD2A00EA9A90 /* ParsegramUITests */,
				B6857E102716AD2400EA9A90 /* Products */,
				0ABE93A595CBA86582888E7C /* Pods */,
				7D711A6E310728A6A761981C /* Frameworks */,
			);
			sourceTree = "<group>";
		};
		B6857E102716AD2400EA9A90 /* Products */ = {
			isa = PBXGroup;
			children = (
				B6857E0F2716AD2400EA9A90 /* Parsegram.app */,
				B6857E282716AD2A00EA9A90 /* ParsegramTests.xctest */,
				B6857E332716AD2A00EA9A90 /* ParsegramUITests.xctest */,
			);
			name = Products;
			sourceTree = "<group>";
		};
		B6857E112716AD2400EA9A90 /* Parsegram */ = {
			isa = PBXGroup;
			children = (
				B6857E502716ADB500EA9A90 /* AppDelegate.swift */,
				B6857E4A2716AD8500EA9A90 /* PostCell.swift */,
				B6857E142716AD2400EA9A90 /* SceneDelegate.swift */,
				B6857E472716AD8500EA9A90 /* Parsegram.xcdatamodeld */,
				B6857E492716AD8500EA9A90 /* SceneDelegate.swift */,
				B6857E182716AD2400EA9A90 /* Main.storyboard */,
				B6857E1E2716AD2A00EA9A90 /* Assets.xcassets */,
				B6857E452716AD8500EA9A90 /* LoginViewController.swift */,
				B6857E542716B02900EA9A90 /* CameraViewController.swift */,
				B6857E522716AFFA00EA9A90 /* FeedViewController.swift */,
				B6857E202716AD2A00EA9A90 /* LaunchScreen.storyboard */,
				B6857E232716AD2A00EA9A90 /* Info.plist */,
				B6857E1B2716AD2400EA9A90 /* Parsegram.xcdatamodeld */,
			);
			path = Parsegram;
			sourceTree = "<group>";
		};
		B6857E2B2716AD2A00EA9A90 /* ParsegramTests */ = {
			isa = PBXGroup;
			children = (
				B6857E2C2716AD2A00EA9A90 /* ParsegramTests.swift */,
				B6857E2E2716AD2A00EA9A90 /* Info.plist */,
			);
			path = ParsegramTests;
			sourceTree = "<group>";
		};
		B6857E362716AD2A00EA9A90 /* ParsegramUITests */ = {
			isa = PBXGroup;
			children = (
				B6857E372716AD2A00EA9A90 /* ParsegramUITests.swift */,
				B6857E392716AD2A00EA9A90 /* Info.plist */,
			);
			path = ParsegramUITests;
			sourceTree = "<group>";
		};
/* End PBXGroup section */

/* Begin PBXNativeTarget section */
		B6857E0E2716AD2400EA9A90 /* Parsegram */ = {
			isa = PBXNativeTarget;
			buildConfigurationList = B6857E3C2716AD2A00EA9A90 /* Build configuration list for PBXNativeTarget "Parsegram" */;
			buildPhases = (
				A950206010E55C215AB7B3B7 /* [CP] Check Pods Manifest.lock */,
				B6857E0B2716AD2400EA9A90 /* Sources */,
				B6857E0C2716AD2400EA9A90 /* Frameworks */,
				B6857E0D2716AD2400EA9A90 /* Resources */,
				ECE0F1D8F2B7275FBAB2C6D3 /* [CP] Embed Pods Frameworks */,
			);
			buildRules = (
			);
			dependencies = (
			);
			name = Parsegram;
			productName = Parsegram;
			productReference = B6857E0F2716AD2400EA9A90 /* Parsegram.app */;
			productType = "com.apple.product-type.application";
		};
		B6857E272716AD2A00EA9A90 /* ParsegramTests */ = {
			isa = PBXNativeTarget;
			buildConfigurationList = B6857E3F2716AD2A00EA9A90 /* Build configuration list for PBXNativeTarget "ParsegramTests" */;
			buildPhases = (
				4DFB1D1E673E11BAC28C7643 /* [CP] Check Pods Manifest.lock */,
				B6857E242716AD2A00EA9A90 /* Sources */,
				B6857E252716AD2A00EA9A90 /* Frameworks */,
				B6857E262716AD2A00EA9A90 /* Resources */,
			);
			buildRules = (
			);
			dependencies = (
				B6857E2A2716AD2A00EA9A90 /* PBXTargetDependency */,
			);
			name = ParsegramTests;
			productName = ParsegramTests;
			productReference = B6857E282716AD2A00EA9A90 /* ParsegramTests.xctest */;
			productType = "com.apple.product-type.bundle.unit-test";
		};
		B6857E322716AD2A00EA9A90 /* ParsegramUITests */ = {
			isa = PBXNativeTarget;
			buildConfigurationList = B6857E422716AD2A00EA9A90 /* Build configuration list for PBXNativeTarget "ParsegramUITests" */;
			buildPhases = (
				BE59CDDB4EA96DD7CF8CF7DF /* [CP] Check Pods Manifest.lock */,
				B6857E2F2716AD2A00EA9A90 /* Sources */,
				B6857E302716AD2A00EA9A90 /* Frameworks */,
				B6857E312716AD2A00EA9A90 /* Resources */,
				8D6EDC1816D45C3296A0CD46 /* [CP] Embed Pods Frameworks */,
			);
			buildRules = (
			);
			dependencies = (
				B6857E352716AD2A00EA9A90 /* PBXTargetDependency */,
			);
			name = ParsegramUITests;
			productName = ParsegramUITests;
			productReference = B6857E332716AD2A00EA9A90 /* ParsegramUITests.xctest */;
			productType = "com.apple.product-type.bundle.ui-testing";
		};
/* End PBXNativeTarget section */

/* Begin PBXProject section */
		B6857E072716AD2400EA9A90 /* Project object */ = {
			isa = PBXProject;
			attributes = {
				LastSwiftUpdateCheck = 1250;
				LastUpgradeCheck = 1250;
				TargetAttributes = {
					B6857E0E2716AD2400EA9A90 = {
						CreatedOnToolsVersion = 12.5.1;
					};
					B6857E272716AD2A00EA9A90 = {
						CreatedOnToolsVersion = 12.5.1;
						TestTargetID = B6857E0E2716AD2400EA9A90;
					};
					B6857E322716AD2A00EA9A90 = {
						CreatedOnToolsVersion = 12.5.1;
						TestTargetID = B6857E0E2716AD2400EA9A90;
					};
				};
			};
			buildConfigurationList = B6857E0A2716AD2400EA9A90 /* Build configuration list for PBXProject "Parsegram" */;
			compatibilityVersion = "Xcode 9.3";
			developmentRegion = en;
			hasScannedForEncodings = 0;
			knownRegions = (
				en,
				Base,
			);
			mainGroup = B6857E062716AD2400EA9A90;
			productRefGroup = B6857E102716AD2400EA9A90 /* Products */;
			projectDirPath = "";
			projectRoot = "";
			targets = (
				B6857E0E2716AD2400EA9A90 /* Parsegram */,
				B6857E272716AD2A00EA9A90 /* ParsegramTests */,
				B6857E322716AD2A00EA9A90 /* ParsegramUITests */,
			);
		};
/* End PBXProject section */

/* Begin PBXResourcesBuildPhase section */
		B6857E0D2716AD2400EA9A90 /* Resources */ = {
			isa = PBXResourcesBuildPhase;
			buildActionMask = 2147483647;
			files = (
				B6857E222716AD2A00EA9A90 /* LaunchScreen.storyboard in Resources */,
				B6857E1F2716AD2A00EA9A90 /* Assets.xcassets in Resources */,
				B6857E1A2716AD2400EA9A90 /* Main.storyboard in Resources */,
			);
			runOnlyForDeploymentPostprocessing = 0;
		};
		B6857E262716AD2A00EA9A90 /* Resources */ = {
			isa = PBXResourcesBuildPhase;
			buildActionMask = 2147483647;
			files = (
			);
			runOnlyForDeploymentPostprocessing = 0;
		};
		B6857E312716AD2A00EA9A90 /* Resources */ = {
			isa = PBXResourcesBuildPhase;
			buildActionMask = 2147483647;
			files = (
			);
			runOnlyForDeploymentPostprocessing = 0;
		};
/* End PBXResourcesBuildPhase section */

/* Begin PBXShellScriptBuildPhase section */
		4DFB1D1E673E11BAC28C7643 /* [CP] Check Pods Manifest.lock */ = {
			isa = PBXShellScriptBuildPhase;
			buildActionMask = 2147483647;
			files = (
			);
			inputFileListPaths = (
			);
			inputPaths = (
				"${PODS_PODFILE_DIR_PATH}/Podfile.lock",
				"${PODS_ROOT}/Manifest.lock",
			);
			name = "[CP] Check Pods Manifest.lock";
			outputFileListPaths = (
			);
			outputPaths = (
				"$(DERIVED_FILE_DIR)/Pods-ParsegramTests-checkManifestLockResult.txt",
			);
			runOnlyForDeploymentPostprocessing = 0;
			shellPath = /bin/sh;
			shellScript = "diff \"${PODS_PODFILE_DIR_PATH}/Podfile.lock\" \"${PODS_ROOT}/Manifest.lock\" > /dev/null\nif [ $? != 0 ] ; then\n    # print error to STDERR\n    echo \"error: The sandbox is not in sync with the Podfile.lock. Run 'pod install' or update your CocoaPods installation.\" >&2\n    exit 1\nfi\n# This output is used by Xcode 'outputs' to avoid re-running this script phase.\necho \"SUCCESS\" > \"${SCRIPT_OUTPUT_FILE_0}\"\n";
			showEnvVarsInLog = 0;
		};
		8D6EDC1816D45C3296A0CD46 /* [CP] Embed Pods Frameworks */ = {
			isa = PBXShellScriptBuildPhase;
			buildActionMask = 2147483647;
			files = (
			);
			inputFileListPaths = (
				"${PODS_ROOT}/Target Support Files/Pods-Parsegram-ParsegramUITests/Pods-Parsegram-ParsegramUITests-frameworks-${CONFIGURATION}-input-files.xcfilelist",
			);
			name = "[CP] Embed Pods Frameworks";
			outputFileListPaths = (
				"${PODS_ROOT}/Target Support Files/Pods-Parsegram-ParsegramUITests/Pods-Parsegram-ParsegramUITests-frameworks-${CONFIGURATION}-output-files.xcfilelist",
			);
			runOnlyForDeploymentPostprocessing = 0;
			shellPath = /bin/sh;
			shellScript = "\"${PODS_ROOT}/Target Support Files/Pods-Parsegram-ParsegramUITests/Pods-Parsegram-ParsegramUITests-frameworks.sh\"\n";
			showEnvVarsInLog = 0;
		};
		A950206010E55C215AB7B3B7 /* [CP] Check Pods Manifest.lock */ = {
			isa = PBXShellScriptBuildPhase;
			buildActionMask = 2147483647;
			files = (
			);
			inputFileListPaths = (
			);
			inputPaths = (
				"${PODS_PODFILE_DIR_PATH}/Podfile.lock",
				"${PODS_ROOT}/Manifest.lock",
			);
			name = "[CP] Check Pods Manifest.lock";
			outputFileListPaths = (
			);
			outputPaths = (
				"$(DERIVED_FILE_DIR)/Pods-Parsegram-checkManifestLockResult.txt",
			);
			runOnlyForDeploymentPostprocessing = 0;
			shellPath = /bin/sh;
			shellScript = "diff \"${PODS_PODFILE_DIR_PATH}/Podfile.lock\" \"${PODS_ROOT}/Manifest.lock\" > /dev/null\nif [ $? != 0 ] ; then\n    # print error to STDERR\n    echo \"error: The sandbox is not in sync with the Podfile.lock. Run 'pod install' or update your CocoaPods installation.\" >&2\n    exit 1\nfi\n# This output is used by Xcode 'outputs' to avoid re-running this script phase.\necho \"SUCCESS\" > \"${SCRIPT_OUTPUT_FILE_0}\"\n";
			showEnvVarsInLog = 0;
		};
		BE59CDDB4EA96DD7CF8CF7DF /* [CP] Check Pods Manifest.lock */ = {
			isa = PBXShellScriptBuildPhase;
			buildActionMask = 2147483647;
			files = (
			);
			inputFileListPaths = (
			);
			inputPaths = (
				"${PODS_PODFILE_DIR_PATH}/Podfile.lock",
				"${PODS_ROOT}/Manifest.lock",
			);
			name = "[CP] Check Pods Manifest.lock";
			outputFileListPaths = (
			);
			outputPaths = (
				"$(DERIVED_FILE_DIR)/Pods-Parsegram-ParsegramUITests-checkManifestLockResult.txt",
			);
			runOnlyForDeploymentPostprocessing = 0;
			shellPath = /bin/sh;
			shellScript = "diff \"${PODS_PODFILE_DIR_PATH}/Podfile.lock\" \"${PODS_ROOT}/Manifest.lock\" > /dev/null\nif [ $? != 0 ] ; then\n    # print error to STDERR\n    echo \"error: The sandbox is not in sync with the Podfile.lock. Run 'pod install' or update your CocoaPods installation.\" >&2\n    exit 1\nfi\n# This output is used by Xcode 'outputs' to avoid re-running this script phase.\necho \"SUCCESS\" > \"${SCRIPT_OUTPUT_FILE_0}\"\n";
			showEnvVarsInLog = 0;
		};
		ECE0F1D8F2B7275FBAB2C6D3 /* [CP] Embed Pods Frameworks */ = {
			isa = PBXShellScriptBuildPhase;
			buildActionMask = 2147483647;
			files = (
			);
			inputFileListPaths = (
				"${PODS_ROOT}/Target Support Files/Pods-Parsegram/Pods-Parsegram-frameworks-${CONFIGURATION}-input-files.xcfilelist",
			);
			name = "[CP] Embed Pods Frameworks";
			outputFileListPaths = (
				"${PODS_ROOT}/Target Support Files/Pods-Parsegram/Pods-Parsegram-frameworks-${CONFIGURATION}-output-files.xcfilelist",
			);
			runOnlyForDeploymentPostprocessing = 0;
			shellPath = /bin/sh;
			shellScript = "\"${PODS_ROOT}/Target Support Files/Pods-Parsegram/Pods-Parsegram-frameworks.sh\"\n";
			showEnvVarsInLog = 0;
		};
/* End PBXShellScriptBuildPhase section */

/* Begin PBXSourcesBuildPhase section */
		B6857E0B2716AD2400EA9A90 /* Sources */ = {
			isa = PBXSourcesBuildPhase;
			buildActionMask = 2147483647;
			files = (
				B6857E552716B02A00EA9A90 /* CameraViewController.swift in Sources */,
				B6857E1D2716AD2400EA9A90 /* Parsegram.xcdatamodeld in Sources */,
				B6857E532716AFFA00EA9A90 /* FeedViewController.swift in Sources */,
				B6857E4D2716AD8600EA9A90 /* Parsegram.xcdatamodeld in Sources */,
				B6857E4F2716AD8600EA9A90 /* PostCell.swift in Sources */,
				B6857E4B2716AD8600EA9A90 /* LoginViewController.swift in Sources */,
				B6857E152716AD2400EA9A90 /* SceneDelegate.swift in Sources */,
				B6857E512716ADB600EA9A90 /* AppDelegate.swift in Sources */,
				B6857E4E2716AD8600EA9A90 /* SceneDelegate.swift in Sources */,
			);
			runOnlyForDeploymentPostprocessing = 0;
		};
		B6857E242716AD2A00EA9A90 /* Sources */ = {
			isa = PBXSourcesBuildPhase;
			buildActionMask = 2147483647;
			files = (
				B6857E2D2716AD2A00EA9A90 /* ParsegramTests.swift in Sources */,
			);
			runOnlyForDeploymentPostprocessing = 0;
		};
		B6857E2F2716AD2A00EA9A90 /* Sources */ = {
			isa = PBXSourcesBuildPhase;
			buildActionMask = 2147483647;
			files = (
				B6857E382716AD2A00EA9A90 /* ParsegramUITests.swift in Sources */,
			);
			runOnlyForDeploymentPostprocessing = 0;
		};
/* End PBXSourcesBuildPhase section */

/* Begin PBXTargetDependency section */
		B6857E2A2716AD2A00EA9A90 /* PBXTargetDependency */ = {
			isa = PBXTargetDependency;
			target = B6857E0E2716AD2400EA9A90 /* Parsegram */;
			targetProxy = B6857E292716AD2A00EA9A90 /* PBXContainerItemProxy */;
		};
		B6857E352716AD2A00EA9A90 /* PBXTargetDependency */ = {
			isa = PBXTargetDependency;
			target = B6857E0E2716AD2400EA9A90 /* Parsegram */;
			targetProxy = B6857E342716AD2A00EA9A90 /* PBXContainerItemProxy */;
		};
/* End PBXTargetDependency section */

/* Begin PBXVariantGroup section */
		B6857E182716AD2400EA9A90 /* Main.storyboard */ = {
			isa = PBXVariantGroup;
			children = (
				B6857E192716AD2400EA9A90 /* Base */,
			);
			name = Main.storyboard;
			sourceTree = "<group>";
		};
		B6857E202716AD2A00EA9A90 /* LaunchScreen.storyboard */ = {
			isa = PBXVariantGroup;
			children = (
				B6857E212716AD2A00EA9A90 /* Base */,
			);
			name = LaunchScreen.storyboard;
			sourceTree = "<group>";
		};
/* End PBXVariantGroup section */

/* Begin XCBuildConfiguration section */
		B6857E3A2716AD2A00EA9A90 /* Debug */ = {
			isa = XCBuildConfiguration;
			buildSettings = {
				ALWAYS_SEARCH_USER_PATHS = NO;
				CLANG_ANALYZER_NONNULL = YES;
				CLANG_ANALYZER_NUMBER_OBJECT_CONVERSION = YES_AGGRESSIVE;
				CLANG_CXX_LANGUAGE_STANDARD = "gnu++14";
				CLANG_CXX_LIBRARY = "libc++";
				CLANG_ENABLE_MODULES = YES;
				CLANG_ENABLE_OBJC_ARC = YES;
				CLANG_ENABLE_OBJC_WEAK = YES;
				CLANG_WARN_BLOCK_CAPTURE_AUTORELEASING = YES;
				CLANG_WARN_BOOL_CONVERSION = YES;
				CLANG_WARN_COMMA = YES;
				CLANG_WARN_CONSTANT_CONVERSION = YES;
				CLANG_WARN_DEPRECATED_OBJC_IMPLEMENTATIONS = YES;
				CLANG_WARN_DIRECT_OBJC_ISA_USAGE = YES_ERROR;
				CLANG_WARN_DOCUMENTATION_COMMENTS = YES;
				CLANG_WARN_EMPTY_BODY = YES;
				CLANG_WARN_ENUM_CONVERSION = YES;
				CLANG_WARN_INFINITE_RECURSION = YES;
				CLANG_WARN_INT_CONVERSION = YES;
				CLANG_WARN_NON_LITERAL_NULL_CONVERSION = YES;
				CLANG_WARN_OBJC_IMPLICIT_RETAIN_SELF = YES;
				CLANG_WARN_OBJC_LITERAL_CONVERSION = YES;
				CLANG_WARN_OBJC_ROOT_CLASS = YES_ERROR;
				CLANG_WARN_QUOTED_INCLUDE_IN_FRAMEWORK_HEADER = YES;
				CLANG_WARN_RANGE_LOOP_ANALYSIS = YES;
				CLANG_WARN_STRICT_PROTOTYPES = YES;
				CLANG_WARN_SUSPICIOUS_MOVE = YES;
				CLANG_WARN_UNGUARDED_AVAILABILITY = YES_AGGRESSIVE;
				CLANG_WARN_UNREACHABLE_CODE = YES;
				CLANG_WARN__DUPLICATE_METHOD_MATCH = YES;
				COPY_PHASE_STRIP = NO;
				DEBUG_INFORMATION_FORMAT = dwarf;
				ENABLE_STRICT_OBJC_MSGSEND = YES;
				ENABLE_TESTABILITY = YES;
				GCC_C_LANGUAGE_STANDARD = gnu11;
				GCC_DYNAMIC_NO_PIC = NO;
				GCC_NO_COMMON_BLOCKS = YES;
				GCC_OPTIMIZATION_LEVEL = 0;
				GCC_PREPROCESSOR_DEFINITIONS = (
					"DEBUG=1",
					"$(inherited)",
				);
				GCC_WARN_64_TO_32_BIT_CONVERSION = YES;
				GCC_WARN_ABOUT_RETURN_TYPE = YES_ERROR;
				GCC_WARN_UNDECLARED_SELECTOR = YES;
				GCC_WARN_UNINITIALIZED_AUTOS = YES_AGGRESSIVE;
				GCC_WARN_UNUSED_FUNCTION = YES;
				GCC_WARN_UNUSED_VARIABLE = YES;
				IPHONEOS_DEPLOYMENT_TARGET = 14.5;
				MTL_ENABLE_DEBUG_INFO = INCLUDE_SOURCE;
				MTL_FAST_MATH = YES;
				ONLY_ACTIVE_ARCH = YES;
				SDKROOT = iphoneos;
				SWIFT_ACTIVE_COMPILATION_CONDITIONS = DEBUG;
				SWIFT_OPTIMIZATION_LEVEL = "-Onone";
			};
			name = Debug;
		};
		B6857E3B2716AD2A00EA9A90 /* Release */ = {
			isa = XCBuildConfiguration;
			buildSettings = {
				ALWAYS_SEARCH_USER_PATHS = NO;
				CLANG_ANALYZER_NONNULL = YES;
				CLANG_ANALYZER_NUMBER_OBJECT_CONVERSION = YES_AGGRESSIVE;
				CLANG_CXX_LANGUAGE_STANDARD = "gnu++14";
				CLANG_CXX_LIBRARY = "libc++";
				CLANG_ENABLE_MODULES = YES;
				CLANG_ENABLE_OBJC_ARC = YES;
				CLANG_ENABLE_OBJC_WEAK = YES;
				CLANG_WARN_BLOCK_CAPTURE_AUTORELEASING = YES;
				CLANG_WARN_BOOL_CONVERSION = YES;
				CLANG_WARN_COMMA = YES;
				CLANG_WARN_CONSTANT_CONVERSION = YES;
				CLANG_WARN_DEPRECATED_OBJC_IMPLEMENTATIONS = YES;
				CLANG_WARN_DIRECT_OBJC_ISA_USAGE = YES_ERROR;
				CLANG_WARN_DOCUMENTATION_COMMENTS = YES;
				CLANG_WARN_EMPTY_BODY = YES;
				CLANG_WARN_ENUM_CONVERSION = YES;
				CLANG_WARN_INFINITE_RECURSION = YES;
				CLANG_WARN_INT_CONVERSION = YES;
				CLANG_WARN_NON_LITERAL_NULL_CONVERSION = YES;
				CLANG_WARN_OBJC_IMPLICIT_RETAIN_SELF = YES;
				CLANG_WARN_OBJC_LITERAL_CONVERSION = YES;
				CLANG_WARN_OBJC_ROOT_CLASS = YES_ERROR;
				CLANG_WARN_QUOTED_INCLUDE_IN_FRAMEWORK_HEADER = YES;
				CLANG_WARN_RANGE_LOOP_ANALYSIS = YES;
				CLANG_WARN_STRICT_PROTOTYPES = YES;
				CLANG_WARN_SUSPICIOUS_MOVE = YES;
				CLANG_WARN_UNGUARDED_AVAILABILITY = YES_AGGRESSIVE;
				CLANG_WARN_UNREACHABLE_CODE = YES;
				CLANG_WARN__DUPLICATE_METHOD_MATCH = YES;
				COPY_PHASE_STRIP = NO;
				DEBUG_INFORMATION_FORMAT = "dwarf-with-dsym";
				ENABLE_NS_ASSERTIONS = NO;
				ENABLE_STRICT_OBJC_MSGSEND = YES;
				GCC_C_LANGUAGE_STANDARD = gnu11;
				GCC_NO_COMMON_BLOCKS = YES;
				GCC_WARN_64_TO_32_BIT_CONVERSION = YES;
				GCC_WARN_ABOUT_RETURN_TYPE = YES_ERROR;
				GCC_WARN_UNDECLARED_SELECTOR = YES;
				GCC_WARN_UNINITIALIZED_AUTOS = YES_AGGRESSIVE;
				GCC_WARN_UNUSED_FUNCTION = YES;
				GCC_WARN_UNUSED_VARIABLE = YES;
				IPHONEOS_DEPLOYMENT_TARGET = 14.5;
				MTL_ENABLE_DEBUG_INFO = NO;
				MTL_FAST_MATH = YES;
				SDKROOT = iphoneos;
				SWIFT_COMPILATION_MODE = wholemodule;
				SWIFT_OPTIMIZATION_LEVEL = "-O";
				VALIDATE_PRODUCT = YES;
			};
			name = Release;
		};
		B6857E3D2716AD2A00EA9A90 /* Debug */ = {
			isa = XCBuildConfiguration;
			baseConfigurationReference = E0F2DBC8F58F19653056BA44 /* Pods-Parsegram.debug.xcconfig */;
			buildSettings = {
				ASSETCATALOG_COMPILER_APPICON_NAME = AppIcon;
				ASSETCATALOG_COMPILER_GLOBAL_ACCENT_COLOR_NAME = AccentColor;
				CODE_SIGN_STYLE = Automatic;
				DEVELOPMENT_TEAM = YJTX8R7NX4;
				INFOPLIST_FILE = Parsegram/Info.plist;
				LD_RUNPATH_SEARCH_PATHS = (
					"$(inherited)",
					"@executable_path/Frameworks",
				);
				PRODUCT_BUNDLE_IDENTIFIER = codepath.Parsegram;
				PRODUCT_NAME = "$(TARGET_NAME)";
				SWIFT_VERSION = 5.0;
				TARGETED_DEVICE_FAMILY = "1,2";
			};
			name = Debug;
		};
		B6857E3E2716AD2A00EA9A90 /* Release */ = {
			isa = XCBuildConfiguration;
			baseConfigurationReference = 238E4EE8A296D971E3137565 /* Pods-Parsegram.release.xcconfig */;
			buildSettings = {
				ASSETCATALOG_COMPILER_APPICON_NAME = AppIcon;
				ASSETCATALOG_COMPILER_GLOBAL_ACCENT_COLOR_NAME = AccentColor;
				CODE_SIGN_STYLE = Automatic;
				DEVELOPMENT_TEAM = YJTX8R7NX4;
				INFOPLIST_FILE = Parsegram/Info.plist;
				LD_RUNPATH_SEARCH_PATHS = (
					"$(inherited)",
					"@executable_path/Frameworks",
				);
				PRODUCT_BUNDLE_IDENTIFIER = codepath.Parsegram;
				PRODUCT_NAME = "$(TARGET_NAME)";
				SWIFT_VERSION = 5.0;
				TARGETED_DEVICE_FAMILY = "1,2";
			};
			name = Release;
		};
		B6857E402716AD2A00EA9A90 /* Debug */ = {
			isa = XCBuildConfiguration;
			baseConfigurationReference = 067D2BC825BF83D288DE3A69 /* Pods-ParsegramTests.debug.xcconfig */;
			buildSettings = {
				ALWAYS_EMBED_SWIFT_STANDARD_LIBRARIES = YES;
				BUNDLE_LOADER = "$(TEST_HOST)";
				CODE_SIGN_STYLE = Automatic;
				DEVELOPMENT_TEAM = YJTX8R7NX4;
				INFOPLIST_FILE = ParsegramTests/Info.plist;
				IPHONEOS_DEPLOYMENT_TARGET = 14.5;
				LD_RUNPATH_SEARCH_PATHS = (
					"$(inherited)",
					"@executable_path/Frameworks",
					"@loader_path/Frameworks",
				);
				PRODUCT_BUNDLE_IDENTIFIER = codepath.ParsegramTests;
				PRODUCT_NAME = "$(TARGET_NAME)";
				SWIFT_VERSION = 5.0;
				TARGETED_DEVICE_FAMILY = "1,2";
				TEST_HOST = "$(BUILT_PRODUCTS_DIR)/Parsegram.app/Parsegram";
			};
			name = Debug;
		};
		B6857E412716AD2A00EA9A90 /* Release */ = {
			isa = XCBuildConfiguration;
			baseConfigurationReference = 7AD7BB7F10D02ACDD5E65F22 /* Pods-ParsegramTests.release.xcconfig */;
			buildSettings = {
				ALWAYS_EMBED_SWIFT_STANDARD_LIBRARIES = YES;
				BUNDLE_LOADER = "$(TEST_HOST)";
				CODE_SIGN_STYLE = Automatic;
				DEVELOPMENT_TEAM = YJTX8R7NX4;
				INFOPLIST_FILE = ParsegramTests/Info.plist;
				IPHONEOS_DEPLOYMENT_TARGET = 14.5;
				LD_RUNPATH_SEARCH_PATHS = (
					"$(inherited)",
					"@executable_path/Frameworks",
					"@loader_path/Frameworks",
				);
				PRODUCT_BUNDLE_IDENTIFIER = codepath.ParsegramTests;
				PRODUCT_NAME = "$(TARGET_NAME)";
				SWIFT_VERSION = 5.0;
				TARGETED_DEVICE_FAMILY = "1,2";
				TEST_HOST = "$(BUILT_PRODUCTS_DIR)/Parsegram.app/Parsegram";
			};
			name = Release;
		};
		B6857E432716AD2A00EA9A90 /* Debug */ = {
			isa = XCBuildConfiguration;
			baseConfigurationReference = DF2B5415D065502E39739CC9 /* Pods-Parsegram-ParsegramUITests.debug.xcconfig */;
			buildSettings = {
				ALWAYS_EMBED_SWIFT_STANDARD_LIBRARIES = YES;
				CODE_SIGN_STYLE = Automatic;
				DEVELOPMENT_TEAM = YJTX8R7NX4;
				INFOPLIST_FILE = ParsegramUITests/Info.plist;
				LD_RUNPATH_SEARCH_PATHS = (
					"$(inherited)",
					"@executable_path/Frameworks",
					"@loader_path/Frameworks",
				);
				PRODUCT_BUNDLE_IDENTIFIER = codepath.ParsegramUITests;
				PRODUCT_NAME = "$(TARGET_NAME)";
				SWIFT_VERSION = 5.0;
				TARGETED_DEVICE_FAMILY = "1,2";
				TEST_TARGET_NAME = Parsegram;
			};
			name = Debug;
		};
		B6857E442716AD2A00EA9A90 /* Release */ = {
			isa = XCBuildConfiguration;
			baseConfigurationReference = A82A2B97883F1EE9889ECFBA /* Pods-Parsegram-ParsegramUITests.release.xcconfig */;
			buildSettings = {
				ALWAYS_EMBED_SWIFT_STANDARD_LIBRARIES = YES;
				CODE_SIGN_STYLE = Automatic;
				DEVELOPMENT_TEAM = YJTX8R7NX4;
				INFOPLIST_FILE = ParsegramUITests/Info.plist;
				LD_RUNPATH_SEARCH_PATHS = (
					"$(inherited)",
					"@executable_path/Frameworks",
					"@loader_path/Frameworks",
				);
				PRODUCT_BUNDLE_IDENTIFIER = codepath.ParsegramUITests;
				PRODUCT_NAME = "$(TARGET_NAME)";
				SWIFT_VERSION = 5.0;
				TARGETED_DEVICE_FAMILY = "1,2";
				TEST_TARGET_NAME = Parsegram;
			};
			name = Release;
		};
/* End XCBuildConfiguration section */

/* Begin XCConfigurationList section */
		B6857E0A2716AD2400EA9A90 /* Build configuration list for PBXProject "Parsegram" */ = {
			isa = XCConfigurationList;
			buildConfigurations = (
				B6857E3A2716AD2A00EA9A90 /* Debug */,
				B6857E3B2716AD2A00EA9A90 /* Release */,
			);
			defaultConfigurationIsVisible = 0;
			defaultConfigurationName = Release;
		};
		B6857E3C2716AD2A00EA9A90 /* Build configuration list for PBXNativeTarget "Parsegram" */ = {
			isa = XCConfigurationList;
			buildConfigurations = (
				B6857E3D2716AD2A00EA9A90 /* Debug */,
				B6857E3E2716AD2A00EA9A90 /* Release */,
			);
			defaultConfigurationIsVisible = 0;
			defaultConfigurationName = Release;
		};
		B6857E3F2716AD2A00EA9A90 /* Build configuration list for PBXNativeTarget "ParsegramTests" */ = {
			isa = XCConfigurationList;
			buildConfigurations = (
				B6857E402716AD2A00EA9A90 /* Debug */,
				B6857E412716AD2A00EA9A90 /* Release */,
			);
			defaultConfigurationIsVisible = 0;
			defaultConfigurationName = Release;
		};
		B6857E422716AD2A00EA9A90 /* Build configuration list for PBXNativeTarget "ParsegramUITests" */ = {
			isa = XCConfigurationList;
			buildConfigurations = (
				B6857E432716AD2A00EA9A90 /* Debug */,
				B6857E442716AD2A00EA9A90 /* Release */,
			);
			defaultConfigurationIsVisible = 0;
			defaultConfigurationName = Release;
		};
/* End XCConfigurationList section */

/* Begin XCVersionGroup section */
		B6857E1B2716AD2400EA9A90 /* Parsegram.xcdatamodeld */ = {
			isa = XCVersionGroup;
			children = (
				B6857E1C2716AD2400EA9A90 /* Parsegram.xcdatamodel */,
			);
			currentVersion = B6857E1C2716AD2400EA9A90 /* Parsegram.xcdatamodel */;
			path = Parsegram.xcdatamodeld;
			sourceTree = "<group>";
			versionGroupType = wrapper.xcdatamodel;
		};
		B6857E472716AD8500EA9A90 /* Parsegram.xcdatamodeld */ = {
			isa = XCVersionGroup;
			children = (
				B6857E482716AD8500EA9A90 /* Parsegram.xcdatamodel */,
			);
			currentVersion = B6857E482716AD8500EA9A90 /* Parsegram.xcdatamodel */;
			path = Parsegram.xcdatamodeld;
			sourceTree = "<group>";
			versionGroupType = wrapper.xcdatamodel;
		};
/* End XCVersionGroup section */
	};
	rootObject = B6857E072716AD2400EA9A90 /* Project object */;
}
